<?xml version="1.0" encoding="UTF-8"?>
<Scheme
   version = "1.3">
   <BuildAction>
      <BuildActionEntries>
         <BuildActionEntry
            buildForRunning = "YES">
            <BuildableReference
               BuildableIdentifier = "primary"
               BlueprintIdentifier = "C63DE5FE1FAAC730006EFDC1"
               BuildableName = "PicoSDKDemo.app"
               BlueprintName = "PicoSDKDemo"
               ReferencedContainer = "container:PicoSDKDemo.xcodeproj">
            </BuildableReference>
         </BuildActionEntry>
      </BuildActionEntries>
   </BuildAction>
   <LaunchAction
      useCustomWorkingDirectory = "NO"
      buildConfiguration = "Debug">
      <BuildableProductRunnable>
         <BuildableReference
            BuildableIdentifier = "primary"
            BlueprintIdentifier = "C63DE5FE1FAAC730006EFDC1"
            BuildableName = "PicoSDKDemo.app"
            BlueprintName = "PicoSDKDemo"
            ReferencedContainer = "container:PicoSDKDemo.xcodeproj">
         </BuildableReference>
      </BuildableProductRunnable>
   </LaunchAction>
</Scheme>
